// !$*UTF8*$!
{
	archiveVersion = 1;
	classes = {
	};
	objectVersion = 46;
	objects = {

/* Begin PBXBuildFile section */
		C7684CB31F518A06007A6005 /* AppDelegate.swift in Sources */ = {isa = PBXBuildFile; fileRef = C7684CB21F518A06007A6005 /* AppDelegate.swift */; };
		C7684CB51F518A06007A6005 /* PostsViewController.swift in Sources */ = {isa = PBXBuildFile; fileRef = C7684CB41F518A06007A6005 /* PostsViewController.swift */; };
		C7684CB81F518A06007A6005 /* Main.storyboard in Resources */ = {isa = PBXBuildFile; fileRef = C7684CB61F518A06007A6005 /* Main.storyboard */; };
		C7684CBB1F518A06007A6005 /* Posts.xcdatamodeld in Sources */ = {isa = PBXBuildFile; fileRef = C7684CB91F518A06007A6005 /* Posts.xcdatamodeld */; };
		C7684CBD1F518A06007A6005 /* Assets.xcassets in Resources */ = {isa = PBXBuildFile; fileRef = C7684CBC1F518A06007A6005 /* Assets.xcassets */; };
		C7684CC01F518A06007A6005 /* LaunchScreen.storyboard in Resources */ = {isa = PBXBuildFile; fileRef = C7684CBE1F518A06007A6005 /* LaunchScreen.storyboard */; };
		C7684CCB1F518A06007A6005 /* PostsTests.swift in Sources */ = {isa = PBXBuildFile; fileRef = C7684CCA1F518A06007A6005 /* PostsTests.swift */; };
		C7684CDB1F518ED5007A6005 /* Alamofire.framework in Frameworks */ = {isa = PBXBuildFile; fileRef = C7684CDA1F518ED5007A6005 /* Alamofire.framework */; };
/* End PBXBuildFile section */

/* Begin PBXContainerItemProxy section */
		C7684CC71F518A06007A6005 /* PBXContainerItemProxy */ = {
			isa = PBXContainerItemProxy;
			containerPortal = C7684CA71F518A06007A6005 /* Project object */;
			proxyType = 1;
			remoteGlobalIDString = C7684CAE1F518A06007A6005;
			remoteInfo = Posts;
		};
/* End PBXContainerItemProxy section */

/* Begin PBXFileReference section */
		C7684CAF1F518A06007A6005 /* Posts.app */ = {isa = PBXFileReference; explicitFileType = wrapper.application; includeInIndex = 0; path = Posts.app; sourceTree = BUILT_PRODUCTS_DIR; };
		C7684CB21F518A06007A6005 /* AppDelegate.swift */ = {isa = PBXFileReference; lastKnownFileType = sourcecode.swift; path = AppDelegate.swift; sourceTree = "<group>"; };
		C7684CB41F518A06007A6005 /* PostsViewController.swift */ = {isa = PBXFileReference; lastKnownFileType = sourcecode.swift; path = PostsViewController.swift; sourceTree = "<group>"; };
		C7684CB71F518A06007A6005 /* Base */ = {isa = PBXFileReference; lastKnownFileType = file.storyboard; name = Base; path = Base.lproj/Main.storyboard; sourceTree = "<group>"; };
		C7684CBA1F518A06007A6005 /* Posts.xcdatamodel */ = {isa = PBXFileReference; lastKnownFileType = wrapper.xcdatamodel; path = Posts.xcdatamodel; sourceTree = "<group>"; };
		C7684CBC1F518A06007A6005 /* Assets.xcassets */ = {isa = PBXFileReference; lastKnownFileType = folder.assetcatalog; path = Assets.xcassets; sourceTree = "<group>"; };
		C7684CBF1F518A06007A6005 /* Base */ = {isa = PBXFileReference; lastKnownFileType = file.storyboard; name = Base; path = Base.lproj/LaunchScreen.storyboard; sourceTree = "<group>"; };
		C7684CC11F518A06007A6005 /* Info.plist */ = {isa = PBXFileReference; lastKnownFileType = text.plist.xml; path = Info.plist; sourceTree = "<group>"; };
		C7684CC61F518A06007A6005 /* PostsTests.xctest */ = {isa = PBXFileReference; explicitFileType = wrapper.cfbundle; includeInIndex = 0; path = PostsTests.xctest; sourceTree = BUILT_PRODUCTS_DIR; };
		C7684CCA1F518A06007A6005 /* PostsTests.swift */ = {isa = PBXFileReference; lastKnownFileType = sourcecode.swift; path = PostsTests.swift; sourceTree = "<group>"; };
		C7684CCC1F518A06007A6005 /* Info.plist */ = {isa = PBXFileReference; lastKnownFileType = text.plist.xml; path = Info.plist; sourceTree = "<group>"; };
		C7684CDA1F518ED5007A6005 /* Alamofire.framework */ = {isa = PBXFileReference; lastKnownFileType = wrapper.framework; name = Alamofire.framework; path = Carthage/Build/iOS/Alamofire.framework; sourceTree = "<group>"; };
/* End PBXFileReference section */

/* Begin PBXFrameworksBuildPhase section */
		C7684CAC1F518A06007A6005 /* Frameworks */ = {
			isa = PBXFrameworksBuildPhase;
			buildActionMask = 2147483647;
			files = (
				C7684CDB1F518ED5007A6005 /* Alamofire.framework in Frameworks */,
			);
			runOnlyForDeploymentPostprocessing = 0;
		};
		C7684CC31F518A06007A6005 /* Frameworks */ = {
			isa = PBXFrameworksBuildPhase;
			buildActionMask = 2147483647;
			files = (
			);
			runOnlyForDeploymentPostprocessing = 0;
		};
/* End PBXFrameworksBuildPhase section */

/* Begin PBXGroup section */
		C7684CA61F518A06007A6005 = {
			isa = PBXGroup;
			children = (
				C7684CB11F518A06007A6005 /* Posts */,
				C7684CC91F518A06007A6005 /* PostsTests */,
				C7684CB01F518A06007A6005 /* Products */,
				C7684CD91F518ED5007A6005 /* Frameworks */,
			);
			sourceTree = "<group>";
		};
		C7684CB01F518A06007A6005 /* Products */ = {
			isa = PBXGroup;
			children = (
				C7684CAF1F518A06007A6005 /* Posts.app */,
				C7684CC61F518A06007A6005 /* PostsTests.xctest */,
			);
			name = Products;
			sourceTree = "<group>";
		};
		C7684CB11F518A06007A6005 /* Posts */ = {
			isa = PBXGroup;
			children = (
				C7684CD81F518BE6007A6005 /* Views */,
				C7684CD71F518B5B007A6005 /* ViewModel */,
				C7684CD61F518B44007A6005 /* Controllers */,
				C7684CD51F518B39007A6005 /* Model */,
				C7684CB21F518A06007A6005 /* AppDelegate.swift */,
				C7684CBC1F518A06007A6005 /* Assets.xcassets */,
				C7684CBE1F518A06007A6005 /* LaunchScreen.storyboard */,
				C7684CC11F518A06007A6005 /* Info.plist */,
				C7684CB91F518A06007A6005 /* Posts.xcdatamodeld */,
			);
			path = Posts;
			sourceTree = "<group>";
		};
		C7684CC91F518A06007A6005 /* PostsTests */ = {
			isa = PBXGroup;
			children = (
				C7684CCA1F518A06007A6005 /* PostsTests.swift */,
				C7684CCC1F518A06007A6005 /* Info.plist */,
			);
			path = PostsTests;
			sourceTree = "<group>";
		};
		C7684CD51F518B39007A6005 /* Model */ = {
			isa = PBXGroup;
			children = (
			);
			name = Model;
			sourceTree = "<group>";
		};
		C7684CD61F518B44007A6005 /* Controllers */ = {
			isa = PBXGroup;
			children = (
				C7684CB41F518A06007A6005 /* PostsViewController.swift */,
			);
			name = Controllers;
			sourceTree = "<group>";
		};
		C7684CD71F518B5B007A6005 /* ViewModel */ = {
			isa = PBXGroup;
			children = (
			);
			name = ViewModel;
			sourceTree = "<group>";
		};
		C7684CD81F518BE6007A6005 /* Views */ = {
			isa = PBXGroup;
			children = (
				C7684CB61F518A06007A6005 /* Main.storyboard */,
			);
			name = Views;
			sourceTree = "<group>";
		};
		C7684CD91F518ED5007A6005 /* Frameworks */ = {
			isa = PBXGroup;
			children = (
				C7684CDA1F518ED5007A6005 /* Alamofire.framework */,
			);
			name = Frameworks;
			sourceTree = "<group>";
		};
/* End PBXGroup section */

/* Begin PBXNativeTarget section */
		C7684CAE1F518A06007A6005 /* Posts */ = {
			isa = PBXNativeTarget;
			buildConfigurationList = C7684CCF1F518A06007A6005 /* Build configuration list for PBXNativeTarget "Posts" */;
			buildPhases = (
				C7684CAB1F518A06007A6005 /* Sources */,
				C7684CAC1F518A06007A6005 /* Frameworks */,
				C7684CAD1F518A06007A6005 /* Resources */,
				C7684CDC1F518F99007A6005 /* Carthage */,
			);
			buildRules = (
			);
			dependencies = (
			);
			name = Posts;
			productName = Posts;
			productReference = C7684CAF1F518A06007A6005 /* Posts.app */;
			productType = "com.apple.product-type.application";
		};
		C7684CC51F518A06007A6005 /* PostsTests */ = {
			isa = PBXNativeTarget;
			buildConfigurationList = C7684CD21F518A06007A6005 /* Build configuration list for PBXNativeTarget "PostsTests" */;
			buildPhases = (
				C7684CC21F518A06007A6005 /* Sources */,
				C7684CC31F518A06007A6005 /* Frameworks */,
				C7684CC41F518A06007A6005 /* Resources */,
			);
			buildRules = (
			);
			dependencies = (
				C7684CC81F518A06007A6005 /* PBXTargetDependency */,
			);
			name = PostsTests;
			productName = PostsTests;
			productReference = C7684CC61F518A06007A6005 /* PostsTests.xctest */;
			productType = "com.apple.product-type.bundle.unit-test";
		};
/* End PBXNativeTarget section */

/* Begin PBXProject section */
		C7684CA71F518A06007A6005 /* Project object */ = {
			isa = PBXProject;
			attributes = {
				LastSwiftUpdateCheck = 0830;
				LastUpgradeCheck = 0830;
				ORGANIZATIONNAME = "Vasileios Loumanis";
				TargetAttributes = {
					C7684CAE1F518A06007A6005 = {
						CreatedOnToolsVersion = 8.3.3;
						DevelopmentTeam = K877UC2B8P;
						ProvisioningStyle = Automatic;
					};
					C7684CC51F518A06007A6005 = {
						CreatedOnToolsVersion = 8.3.3;
						DevelopmentTeam = K877UC2B8P;
						ProvisioningStyle = Automatic;
						TestTargetID = C7684CAE1F518A06007A6005;
					};
				};
			};
			buildConfigurationList = C7684CAA1F518A06007A6005 /* Build configuration list for PBXProject "Posts" */;
			compatibilityVersion = "Xcode 3.2";
			developmentRegion = English;
			hasScannedForEncodings = 0;
			knownRegions = (
				en,
				Base,
			);
			mainGroup = C7684CA61F518A06007A6005;
			productRefGroup = C7684CB01F518A06007A6005 /* Products */;
			projectDirPath = "";
			projectRoot = "";
			targets = (
				C7684CAE1F518A06007A6005 /* Posts */,
				C7684CC51F518A06007A6005 /* PostsTests */,
			);
		};
/* End PBXProject section */

/* Begin PBXResourcesBuildPhase section */
		C7684CAD1F518A06007A6005 /* Resources */ = {
			isa = PBXResourcesBuildPhase;
			buildActionMask = 2147483647;
			files = (
				C7684CC01F518A06007A6005 /* LaunchScreen.storyboard in Resources */,
				C7684CBD1F518A06007A6005 /* Assets.xcassets in Resources */,
				C7684CB81F518A06007A6005 /* Main.storyboard in Resources */,
			);
			runOnlyForDeploymentPostprocessing = 0;
		};
		C7684CC41F518A06007A6005 /* Resources */ = {
			isa = PBXResourcesBuildPhase;
			buildActionMask = 2147483647;
			files = (
			);
			runOnlyForDeploymentPostprocessing = 0;
		};
/* End PBXResourcesBuildPhase section */

/* Begin PBXShellScriptBuildPhase section */
		C7684CDC1F518F99007A6005 /* Carthage */ = {
			isa = PBXShellScriptBuildPhase;
			buildActionMask = 2147483647;
			files = (
			);
			inputPaths = (
				"$(SRCROOT)/Carthage/Build/iOS/Alamofire.framework",
			);
			name = Carthage;
			outputPaths = (
				"$(BUILT_PRODUCTS_DIR)/$(FRAMEWORKS_FOLDER_PATH)/Alamofire.framework",
			);
			runOnlyForDeploymentPostprocessing = 0;
			shellPath = /bin/sh;
			shellScript = "/usr/local/bin/carthage copy-frameworks";
		};
/* End PBXShellScriptBuildPhase section */

/* Begin PBXSourcesBuildPhase section */
		C7684CAB1F518A06007A6005 /* Sources */ = {
			isa = PBXSourcesBuildPhase;
			buildActionMask = 2147483647;
			files = (
				C7684CBB1F518A06007A6005 /* Posts.xcdatamodeld in Sources */,
				C7684CB51F518A06007A6005 /* PostsViewController.swift in Sources */,
				C7684CB31F518A06007A6005 /* AppDelegate.swift in Sources */,
			);
			runOnlyForDeploymentPostprocessing = 0;
		};
		C7684CC21F518A06007A6005 /* Sources */ = {
			isa = PBXSourcesBuildPhase;
			buildActionMask = 2147483647;
			files = (
				C7684CCB1F518A06007A6005 /* PostsTests.swift in Sources */,
			);
			runOnlyForDeploymentPostprocessing = 0;
		};
/* End PBXSourcesBuildPhase section */

/* Begin PBXTargetDependency section */
		C7684CC81F518A06007A6005 /* PBXTargetDependency */ = {
			isa = PBXTargetDependency;
			target = C7684CAE1F518A06007A6005 /* Posts */;
			targetProxy = C7684CC71F518A06007A6005 /* PBXContainerItemProxy */;
		};
/* End PBXTargetDependency section */

/* Begin PBXVariantGroup section */
		C7684CB61F518A06007A6005 /* Main.storyboard */ = {
			isa = PBXVariantGroup;
			children = (
				C7684CB71F518A06007A6005 /* Base */,
			);
			name = Main.storyboard;
			sourceTree = "<group>";
		};
		C7684CBE1F518A06007A6005 /* LaunchScreen.storyboard */ = {
			isa = PBXVariantGroup;
			children = (
				C7684CBF1F518A06007A6005 /* Base */,
			);
			name = LaunchScreen.storyboard;
			sourceTree = "<group>";
		};
/* End PBXVariantGroup section */

/* Begin XCBuildConfiguration section */
		C7684CCD1F518A06007A6005 /* Debug */ = {
			isa = XCBuildConfiguration;
			buildSettings = {
				ALWAYS_SEARCH_USER_PATHS = NO;
				CLANG_ANALYZER_NONNULL = YES;
				CLANG_ANALYZER_NUMBER_OBJECT_CONVERSION = YES_AGGRESSIVE;
				CLANG_CXX_LANGUAGE_STANDARD = "gnu++0x";
				CLANG_CXX_LIBRARY = "libc++";
				CLANG_ENABLE_MODULES = YES;
				CLANG_ENABLE_OBJC_ARC = YES;
				CLANG_WARN_BOOL_CONVERSION = YES;
				CLANG_WARN_CONSTANT_CONVERSION = YES;
				CLANG_WARN_DIRECT_OBJC_ISA_USAGE = YES_ERROR;
				CLANG_WARN_DOCUMENTATION_COMMENTS = YES;
				CLANG_WARN_EMPTY_BODY = YES;
				CLANG_WARN_ENUM_CONVERSION = YES;
				CLANG_WARN_INFINITE_RECURSION = YES;
				CLANG_WARN_INT_CONVERSION = YES;
				CLANG_WARN_OBJC_ROOT_CLASS = YES_ERROR;
				CLANG_WARN_SUSPICIOUS_MOVE = YES;
				CLANG_WARN_UNREACHABLE_CODE = YES;
				CLANG_WARN__DUPLICATE_METHOD_MATCH = YES;
				"CODE_SIGN_IDENTITY[sdk=iphoneos*]" = "iPhone Developer";
				COPY_PHASE_STRIP = NO;
				DEBUG_INFORMATION_FORMAT = dwarf;
				ENABLE_STRICT_OBJC_MSGSEND = YES;
				ENABLE_TESTABILITY = YES;
				GCC_C_LANGUAGE_STANDARD = gnu99;
				GCC_DYNAMIC_NO_PIC = NO;
				GCC_NO_COMMON_BLOCKS = YES;
				GCC_OPTIMIZATION_LEVEL = 0;
				GCC_PREPROCESSOR_DEFINITIONS = (
					"DEBUG=1",
					"$(inherited)",
				);
				GCC_WARN_64_TO_32_BIT_CONVERSION = YES;
				GCC_WARN_ABOUT_RETURN_TYPE = YES_ERROR;
				GCC_WARN_UNDECLARED_SELECTOR = YES;
				GCC_WARN_UNINITIALIZED_AUTOS = YES_AGGRESSIVE;
				GCC_WARN_UNUSED_FUNCTION = YES;
				GCC_WARN_UNUSED_VARIABLE = YES;
				IPHONEOS_DEPLOYMENT_TARGET = 10.3;
				MTL_ENABLE_DEBUG_INFO = YES;
				ONLY_ACTIVE_ARCH = YES;
				SDKROOT = iphoneos;
				SWIFT_ACTIVE_COMPILATION_CONDITIONS = DEBUG;
				SWIFT_OPTIMIZATION_LEVEL = "-Onone";
				TARGETED_DEVICE_FAMILY = "1,2";
			};
			name = Debug;
		};
		C7684CCE1F518A06007A6005 /* Release */ = {
			isa = XCBuildConfiguration;
			buildSettings = {
				ALWAYS_SEARCH_USER_PATHS = NO;
				CLANG_ANALYZER_NONNULL = YES;
				CLANG_ANALYZER_NUMBER_OBJECT_CONVERSION = YES_AGGRESSIVE;
				CLANG_CXX_LANGUAGE_STANDARD = "gnu++0x";
				CLANG_CXX_LIBRARY = "libc++";
				CLANG_ENABLE_MODULES = YES;
				CLANG_ENABLE_OBJC_ARC = YES;
				CLANG_WARN_BOOL_CONVERSION = YES;
				CLANG_WARN_CONSTANT_CONVERSION = YES;
				CLANG_WARN_DIRECT_OBJC_ISA_USAGE = YES_ERROR;
				CLANG_WARN_DOCUMENTATION_COMMENTS = YES;
				CLANG_WARN_EMPTY_BODY = YES;
				CLANG_WARN_ENUM_CONVERSION = YES;
				CLANG_WARN_INFINITE_RECURSION = YES;
				CLANG_WARN_INT_CONVERSION = YES;
				CLANG_WARN_OBJC_ROOT_CLASS = YES_ERROR;
				CLANG_WARN_SUSPICIOUS_MOVE = YES;
				CLANG_WARN_UNREACHABLE_CODE = YES;
				CLANG_WARN__DUPLICATE_METHOD_MATCH = YES;
				"CODE_SIGN_IDENTITY[sdk=iphoneos*]" = "iPhone Developer";
				COPY_PHASE_STRIP = NO;
				DEBUG_INFORMATION_FORMAT = "dwarf-with-dsym";
				ENABLE_NS_ASSERTIONS = NO;
				ENABLE_STRICT_OBJC_MSGSEND = YES;
				GCC_C_LANGUAGE_STANDARD = gnu99;
				GCC_NO_COMMON_BLOCKS = YES;
				GCC_WARN_64_TO_32_BIT_CONVERSION = YES;
				GCC_WARN_ABOUT_RETURN_TYPE = YES_ERROR;
				GCC_WARN_UNDECLARED_SELECTOR = YES;
				GCC_WARN_UNINITIALIZED_AUTOS = YES_AGGRESSIVE;
				GCC_WARN_UNUSED_FUNCTION = YES;
				GCC_WARN_UNUSED_VARIABLE = YES;
				IPHONEOS_DEPLOYMENT_TARGET = 10.3;
				MTL_ENABLE_DEBUG_INFO = NO;
				SDKROOT = iphoneos;
				SWIFT_OPTIMIZATION_LEVEL = "-Owholemodule";
				TARGETED_DEVICE_FAMILY = "1,2";
				VALIDATE_PRODUCT = YES;
			};
			name = Release;
		};
		C7684CD01F518A06007A6005 /* Debug */ = {
			isa = XCBuildConfiguration;
			buildSettings = {
				ASSETCATALOG_COMPILER_APPICON_NAME = AppIcon;
				DEVELOPMENT_TEAM = K877UC2B8P;
				FRAMEWORK_SEARCH_PATHS = (
					"$(inherited)",
					"$(PROJECT_DIR)/Carthage/Build/iOS",
				);
				INFOPLIST_FILE = Posts/Info.plist;
				LD_RUNPATH_SEARCH_PATHS = "$(inherited) @executable_path/Frameworks";
				PRODUCT_BUNDLE_IDENTIFIER = loumanv.Posts;
				PRODUCT_NAME = "$(TARGET_NAME)";
				SWIFT_VERSION = 3.0;
			};
			name = Debug;
		};
		C7684CD11F518A06007A6005 /* Release */ = {
			isa = XCBuildConfiguration;
			buildSettings = {
				ASSETCATALOG_COMPILER_APPICON_NAME = AppIcon;
				DEVELOPMENT_TEAM = K877UC2B8P;
				FRAMEWORK_SEARCH_PATHS = (
					"$(inherited)",
					"$(PROJECT_DIR)/Carthage/Build/iOS",
				);
				INFOPLIST_FILE = Posts/Info.plist;
				LD_RUNPATH_SEARCH_PATHS = "$(inherited) @executable_path/Frameworks";
				PRODUCT_BUNDLE_IDENTIFIER = loumanv.Posts;
				PRODUCT_NAME = "$(TARGET_NAME)";
				SWIFT_VERSION = 3.0;
			};
			name = Release;
		};
		C7684CD31F518A06007A6005 /* Debug */ = {
			isa = XCBuildConfiguration;
			buildSettings = {
				ALWAYS_EMBED_SWIFT_STANDARD_LIBRARIES = YES;
				BUNDLE_LOADER = "$(TEST_HOST)";
				DEVELOPMENT_TEAM = K877UC2B8P;
				INFOPLIST_FILE = PostsTests/Info.plist;
				LD_RUNPATH_SEARCH_PATHS = "$(inherited) @executable_path/Frameworks @loader_path/Frameworks";
				PRODUCT_BUNDLE_IDENTIFIER = loumanv.PostsTests;
				PRODUCT_NAME = "$(TARGET_NAME)";
				SWIFT_VERSION = 3.0;
				TEST_HOST = "$(BUILT_PRODUCTS_DIR)/Posts.app/Posts";
			};
			name = Debug;
		};
		C7684CD41F518A06007A6005 /* Release */ = {
			isa = XCBuildConfiguration;
			buildSettings = {
				ALWAYS_EMBED_SWIFT_STANDARD_LIBRARIES = YES;
				BUNDLE_LOADER = "$(TEST_HOST)";
				DEVELOPMENT_TEAM = K877UC2B8P;
				INFOPLIST_FILE = PostsTests/Info.plist;
				LD_RUNPATH_SEARCH_PATHS = "$(inherited) @executable_path/Frameworks @loader_path/Frameworks";
				PRODUCT_BUNDLE_IDENTIFIER = loumanv.PostsTests;
				PRODUCT_NAME = "$(TARGET_NAME)";
				SWIFT_VERSION = 3.0;
				TEST_HOST = "$(BUILT_PRODUCTS_DIR)/Posts.app/Posts";
			};
			name = Release;
		};
/* End XCBuildConfiguration section */

/* Begin XCConfigurationList section */
		C7684CAA1F518A06007A6005 /* Build configuration list for PBXProject "Posts" */ = {
			isa = XCConfigurationList;
			buildConfigurations = (
				C7684CCD1F518A06007A6005 /* Debug */,
				C7684CCE1F518A06007A6005 /* Release */,
			);
			defaultConfigurationIsVisible = 0;
			defaultConfigurationName = Release;
		};
		C7684CCF1F518A06007A6005 /* Build configuration list for PBXNativeTarget "Posts" */ = {
			isa = XCConfigurationList;
			buildConfigurations = (
				C7684CD01F518A06007A6005 /* Debug */,
				C7684CD11F518A06007A6005 /* Release */,
			);
			defaultConfigurationIsVisible = 0;
		};
		C7684CD21F518A06007A6005 /* Build configuration list for PBXNativeTarget "PostsTests" */ = {
			isa = XCConfigurationList;
			buildConfigurations = (
				C7684CD31F518A06007A6005 /* Debug */,
				C7684CD41F518A06007A6005 /* Release */,
			);
			defaultConfigurationIsVisible = 0;
		};
/* End XCConfigurationList section */

/* Begin XCVersionGroup section */
		C7684CB91F518A06007A6005 /* Posts.xcdatamodeld */ = {
			isa = XCVersionGroup;
			children = (
				C7684CBA1F518A06007A6005 /* Posts.xcdatamodel */,
			);
			currentVersion = C7684CBA1F518A06007A6005 /* Posts.xcdatamodel */;
			path = Posts.xcdatamodeld;
			sourceTree = "<group>";
			versionGroupType = wrapper.xcdatamodel;
		};
/* End XCVersionGroup section */
	};
	rootObject = C7684CA71F518A06007A6005 /* Project object */;
}
